
Microsoft Visual Studio Solution File, Format Version 12.00
# Visual Studio Version 17
VisualStudioVersion = 17.1.32228.430
MinimumVisualStudioVersion = 10.0.40219.1
Project("{FAE04EC0-301F-11D3-BF4B-00C04F79EFBC}") = "MatchBookAPI", "MatchBookAPI\MatchBookAPI.csproj", "{63494FBE-2C00-4C23-BFBB-26B10188AB0B}"
EndProject
Global
	GlobalSection(SolutionConfigurationPlatforms) = preSolution
		Debug|Any CPU = Debug|Any CPU
		Release|Any CPU = Release|Any CPU
	EndGlobalSection
	GlobalSection(ProjectConfigurationPlatforms) = postSolution
		{63494FBE-2C00-4C23-BFBB-26B10188AB0B}.Debug|Any CPU.ActiveCfg = Debug|Any CPU
		{63494FBE-2C00-4C23-BFBB-26B10188AB0B}.Debug|Any CPU.Build.0 = Debug|Any CPU
		{63494FBE-2C00-4C23-BFBB-26B10188AB0B}.Release|Any CPU.ActiveCfg = Release|Any CPU
		{63494FBE-2C00-4C23-BFBB-26B10188AB0B}.Release|Any CPU.Build.0 = Release|Any CPU
	EndGlobalSection
	GlobalSection(SolutionProperties) = preSolution
		HideSolutionNode = FALSE
	EndGlobalSection
	GlobalSection(ExtensibilityGlobals) = postSolution
		SolutionGuid = {69959A30-A08B-4FC4-8DDD-6E976355D50F}
	EndGlobalSection
EndGlobal
